
Microsoft Visual Studio Solution File, Format Version 12.00
# Visual Studio Version 17
VisualStudioVersion = 17.0.31903.59
MinimumVisualStudioVersion = 10.0.40219.1
Project("{FAE04EC0-301F-11D3-BF4B-00C04F79EFBC}") = "ConsoleApp1", "ConsoleApp1\ConsoleApp1.csproj", "{C2F9190A-74A1-48C3-9284-941492298609}"
EndProject
Project("{FAE04EC0-301F-11D3-BF4B-00C04F79EFBC}") = "CSharpFundamentals", "CSharpFundamentals\CSharpFundamentals.csproj", "{9010D944-8619-4C0C-AB28-64EE527F6369}"
EndProject
Project("{FAE04EC0-301F-11D3-BF4B-00C04F79EFBC}") = "Classes", "Classes\Classes.csproj", "{4C183A22-0B11-4D5E-ADD6-646CBD617C5A}"
EndProject
Project("{FAE04EC0-301F-11D3-BF4B-00C04F79EFBC}") = "StackOverflowPost", "StackOverflowPost\StackOverflowPost.csproj", "{5BEB408F-A447-4D3D-928A-EAE885391505}"
EndProject
Project("{FAE04EC0-301F-11D3-BF4B-00C04F79EFBC}") = "Constructors", "Constructors\Constructors.csproj", "{E34FBF8A-E602-4BA6-A553-73B0701B36E2}"
EndProject
Project("{2150E333-8FDC-42A3-9474-1A3956D46DE8}") = "Course_II", "Course_II", "{3F42C7EC-C253-476B-95B4-68E27B8B6751}"
EndProject
Project("{FAE04EC0-301F-11D3-BF4B-00C04F79EFBC}") = "Constructor", "Course_II\Constructor\Constructor.csproj", "{277EBA5C-1E89-42D7-A59C-64245788C55B}"
EndProject
Project("{FAE04EC0-301F-11D3-BF4B-00C04F79EFBC}") = "Casting", "Course_II\Casting\Casting.csproj", "{2D01C005-20C2-48FC-B249-532566656C82}"
EndProject
Project("{FAE04EC0-301F-11D3-BF4B-00C04F79EFBC}") = "Boxing", "Course_II\Boxing\Boxing.csproj", "{7318DBA7-19E4-4F20-BC66-216B3A9E482A}"
EndProject
Project("{FAE04EC0-301F-11D3-BF4B-00C04F79EFBC}") = "Exercise1", "Course_II\Exercise1\Exercise1.csproj", "{E2F0B4E0-CACF-495C-B0C9-AE7079E180D8}"
EndProject
Project("{FAE04EC0-301F-11D3-BF4B-00C04F79EFBC}") = "MethodOverriding", "Course_II\MethodOverriding\MethodOverriding.csproj", "{8F17BBCB-8F5F-4F18-A4DE-7E7F7954DC9D}"
EndProject
Project("{FAE04EC0-301F-11D3-BF4B-00C04F79EFBC}") = "AbstractClasses", "Course_II\AbstractClasses\AbstractClasses.csproj", "{9C47E964-5F3B-42B6-984B-370D6162EB6E}"
EndProject
Project("{FAE04EC0-301F-11D3-BF4B-00C04F79EFBC}") = "DataBaseConnection_exercise", "Course_II\DataBaseConnection_exercise\DataBaseConnection_exercise.csproj", "{6681BFE8-1700-4413-9894-052E08304B69}"
EndProject
Project("{FAE04EC0-301F-11D3-BF4B-00C04F79EFBC}") = "Testability", "Course_II\Testability\Testability.csproj", "{0E78DDAC-B220-41AB-8118-31AFBCE987E8}"
EndProject
Project("{FAE04EC0-301F-11D3-BF4B-00C04F79EFBC}") = "Extensibility", "Course_II\Extensibility\Extensibility.csproj", "{C6659B79-ADC5-44D3-A68A-B1311B122A1B}"
EndProject
Project("{2150E333-8FDC-42A3-9474-1A3956D46DE8}") = "Advanced_c#_course", "Advanced_c#_course", "{4C2575C1-0216-4DA2-8D37-3C6747DAFA7B}"
EndProject
Project("{FAE04EC0-301F-11D3-BF4B-00C04F79EFBC}") = "Generics", "Advanced_c#_course\Generics\Generics.csproj", "{13158E29-A7AE-4B95-95CF-ED3DFFE8C264}"
EndProject
Project("{FAE04EC0-301F-11D3-BF4B-00C04F79EFBC}") = "Delegates", "Advanced_c#_course\Delegates\Delegates.csproj", "{B1EE1BD1-2757-4128-8372-513BF739DD0E}"
EndProject
Project("{FAE04EC0-301F-11D3-BF4B-00C04F79EFBC}") = "LambdaExpressions", "Advanced_c#_course\LambdaExpressions\LambdaExpressions.csproj", "{E5A6C8DA-E2BF-40B7-A79B-F3589170607D}"
EndProject
Project("{2150E333-8FDC-42A3-9474-1A3956D46DE8}") = "EventsAndDelegates", "EventsAndDelegates", "{0F0C8C7D-62B7-4648-AE6D-8A832D9D00D9}"
EndProject
Project("{FAE04EC0-301F-11D3-BF4B-00C04F79EFBC}") = "EventsAndDelegates", "Advanced_c#_course\EventsAndDelegates\EventsAndDelegates\EventsAndDelegates.csproj", "{25A9F6D3-9265-4E13-ADDD-FA154154935C}"
EndProject
Project("{FAE04EC0-301F-11D3-BF4B-00C04F79EFBC}") = "Events", "Advanced_c#_course\Events\Events.csproj", "{80545EB0-ECAC-4592-9715-3D3A48D81418}"
EndProject
Project("{FAE04EC0-301F-11D3-BF4B-00C04F79EFBC}") = "ExtensionMethods", "Advanced_c#_course\ExtensionMethods\ExtensionMethods.csproj", "{53746721-CA49-4D2E-88FF-EFA6037FCE63}"
EndProject
Project("{FAE04EC0-301F-11D3-BF4B-00C04F79EFBC}") = "Linq", "Advanced_c#_course\Linq\Linq.csproj", "{59F61EF9-7A0D-451D-A6CC-9DCA9F62B751}"
EndProject
Project("{FAE04EC0-301F-11D3-BF4B-00C04F79EFBC}") = "NullableTypes", "Advanced_c#_course\NullableTypes\NullableTypes.csproj", "{76295C51-880C-42E9-962D-6D19CDDA8058}"
EndProject
Project("{FAE04EC0-301F-11D3-BF4B-00C04F79EFBC}") = "ExceptionHandling", "Advanced_c#_course\ExceptionHandling\ExceptionHandling.csproj", "{A8BAE2C1-72A4-4132-82DE-648EF7FB80E3}"
EndProject
Project("{FAE04EC0-301F-11D3-BF4B-00C04F79EFBC}") = "AsyncAwaitDemo", "Advanced_c#_course\AsyncAwaitDemo\AsyncAwaitDemo.csproj", "{BD6EFB90-B08D-4AEC-8080-5AEF2CB80A2C}"
EndProject
Global
	GlobalSection(SolutionConfigurationPlatforms) = preSolution
		Debug|Any CPU = Debug|Any CPU
		Release|Any CPU = Release|Any CPU
	EndGlobalSection
	GlobalSection(SolutionProperties) = preSolution
		HideSolutionNode = FALSE
	EndGlobalSection
	GlobalSection(ProjectConfigurationPlatforms) = postSolution
		{C2F9190A-74A1-48C3-9284-941492298609}.Debug|Any CPU.ActiveCfg = Debug|Any CPU
		{C2F9190A-74A1-48C3-9284-941492298609}.Debug|Any CPU.Build.0 = Debug|Any CPU
		{C2F9190A-74A1-48C3-9284-941492298609}.Release|Any CPU.ActiveCfg = Release|Any CPU
		{C2F9190A-74A1-48C3-9284-941492298609}.Release|Any CPU.Build.0 = Release|Any CPU
		{9010D944-8619-4C0C-AB28-64EE527F6369}.Debug|Any CPU.ActiveCfg = Debug|Any CPU
		{9010D944-8619-4C0C-AB28-64EE527F6369}.Debug|Any CPU.Build.0 = Debug|Any CPU
		{9010D944-8619-4C0C-AB28-64EE527F6369}.Release|Any CPU.ActiveCfg = Release|Any CPU
		{9010D944-8619-4C0C-AB28-64EE527F6369}.Release|Any CPU.Build.0 = Release|Any CPU
		{4C183A22-0B11-4D5E-ADD6-646CBD617C5A}.Debug|Any CPU.ActiveCfg = Debug|Any CPU
		{4C183A22-0B11-4D5E-ADD6-646CBD617C5A}.Debug|Any CPU.Build.0 = Debug|Any CPU
		{4C183A22-0B11-4D5E-ADD6-646CBD617C5A}.Release|Any CPU.ActiveCfg = Release|Any CPU
		{4C183A22-0B11-4D5E-ADD6-646CBD617C5A}.Release|Any CPU.Build.0 = Release|Any CPU
		{5BEB408F-A447-4D3D-928A-EAE885391505}.Debug|Any CPU.ActiveCfg = Debug|Any CPU
		{5BEB408F-A447-4D3D-928A-EAE885391505}.Debug|Any CPU.Build.0 = Debug|Any CPU
		{5BEB408F-A447-4D3D-928A-EAE885391505}.Release|Any CPU.ActiveCfg = Release|Any CPU
		{5BEB408F-A447-4D3D-928A-EAE885391505}.Release|Any CPU.Build.0 = Release|Any CPU
		{E34FBF8A-E602-4BA6-A553-73B0701B36E2}.Debug|Any CPU.ActiveCfg = Debug|Any CPU
		{E34FBF8A-E602-4BA6-A553-73B0701B36E2}.Debug|Any CPU.Build.0 = Debug|Any CPU
		{E34FBF8A-E602-4BA6-A553-73B0701B36E2}.Release|Any CPU.ActiveCfg = Release|Any CPU
		{E34FBF8A-E602-4BA6-A553-73B0701B36E2}.Release|Any CPU.Build.0 = Release|Any CPU
		{277EBA5C-1E89-42D7-A59C-64245788C55B}.Debug|Any CPU.ActiveCfg = Debug|Any CPU
		{277EBA5C-1E89-42D7-A59C-64245788C55B}.Debug|Any CPU.Build.0 = Debug|Any CPU
		{277EBA5C-1E89-42D7-A59C-64245788C55B}.Release|Any CPU.ActiveCfg = Release|Any CPU
		{277EBA5C-1E89-42D7-A59C-64245788C55B}.Release|Any CPU.Build.0 = Release|Any CPU
		{2D01C005-20C2-48FC-B249-532566656C82}.Debug|Any CPU.ActiveCfg = Debug|Any CPU
		{2D01C005-20C2-48FC-B249-532566656C82}.Debug|Any CPU.Build.0 = Debug|Any CPU
		{2D01C005-20C2-48FC-B249-532566656C82}.Release|Any CPU.ActiveCfg = Release|Any CPU
		{2D01C005-20C2-48FC-B249-532566656C82}.Release|Any CPU.Build.0 = Release|Any CPU
		{7318DBA7-19E4-4F20-BC66-216B3A9E482A}.Debug|Any CPU.ActiveCfg = Debug|Any CPU
		{7318DBA7-19E4-4F20-BC66-216B3A9E482A}.Debug|Any CPU.Build.0 = Debug|Any CPU
		{7318DBA7-19E4-4F20-BC66-216B3A9E482A}.Release|Any CPU.ActiveCfg = Release|Any CPU
		{7318DBA7-19E4-4F20-BC66-216B3A9E482A}.Release|Any CPU.Build.0 = Release|Any CPU
		{E2F0B4E0-CACF-495C-B0C9-AE7079E180D8}.Debug|Any CPU.ActiveCfg = Debug|Any CPU
		{E2F0B4E0-CACF-495C-B0C9-AE7079E180D8}.Debug|Any CPU.Build.0 = Debug|Any CPU
		{E2F0B4E0-CACF-495C-B0C9-AE7079E180D8}.Release|Any CPU.ActiveCfg = Release|Any CPU
		{E2F0B4E0-CACF-495C-B0C9-AE7079E180D8}.Release|Any CPU.Build.0 = Release|Any CPU
		{8F17BBCB-8F5F-4F18-A4DE-7E7F7954DC9D}.Debug|Any CPU.ActiveCfg = Debug|Any CPU
		{8F17BBCB-8F5F-4F18-A4DE-7E7F7954DC9D}.Debug|Any CPU.Build.0 = Debug|Any CPU
		{8F17BBCB-8F5F-4F18-A4DE-7E7F7954DC9D}.Release|Any CPU.ActiveCfg = Release|Any CPU
		{8F17BBCB-8F5F-4F18-A4DE-7E7F7954DC9D}.Release|Any CPU.Build.0 = Release|Any CPU
		{9C47E964-5F3B-42B6-984B-370D6162EB6E}.Debug|Any CPU.ActiveCfg = Debug|Any CPU
		{9C47E964-5F3B-42B6-984B-370D6162EB6E}.Debug|Any CPU.Build.0 = Debug|Any CPU
		{9C47E964-5F3B-42B6-984B-370D6162EB6E}.Release|Any CPU.ActiveCfg = Release|Any CPU
		{9C47E964-5F3B-42B6-984B-370D6162EB6E}.Release|Any CPU.Build.0 = Release|Any CPU
		{6681BFE8-1700-4413-9894-052E08304B69}.Debug|Any CPU.ActiveCfg = Debug|Any CPU
		{6681BFE8-1700-4413-9894-052E08304B69}.Debug|Any CPU.Build.0 = Debug|Any CPU
		{6681BFE8-1700-4413-9894-052E08304B69}.Release|Any CPU.ActiveCfg = Release|Any CPU
		{6681BFE8-1700-4413-9894-052E08304B69}.Release|Any CPU.Build.0 = Release|Any CPU
		{0E78DDAC-B220-41AB-8118-31AFBCE987E8}.Debug|Any CPU.ActiveCfg = Debug|Any CPU
		{0E78DDAC-B220-41AB-8118-31AFBCE987E8}.Debug|Any CPU.Build.0 = Debug|Any CPU
		{0E78DDAC-B220-41AB-8118-31AFBCE987E8}.Release|Any CPU.ActiveCfg = Release|Any CPU
		{0E78DDAC-B220-41AB-8118-31AFBCE987E8}.Release|Any CPU.Build.0 = Release|Any CPU
		{C6659B79-ADC5-44D3-A68A-B1311B122A1B}.Debug|Any CPU.ActiveCfg = Debug|Any CPU
		{C6659B79-ADC5-44D3-A68A-B1311B122A1B}.Debug|Any CPU.Build.0 = Debug|Any CPU
		{C6659B79-ADC5-44D3-A68A-B1311B122A1B}.Release|Any CPU.ActiveCfg = Release|Any CPU
		{C6659B79-ADC5-44D3-A68A-B1311B122A1B}.Release|Any CPU.Build.0 = Release|Any CPU
		{13158E29-A7AE-4B95-95CF-ED3DFFE8C264}.Debug|Any CPU.ActiveCfg = Debug|Any CPU
		{13158E29-A7AE-4B95-95CF-ED3DFFE8C264}.Debug|Any CPU.Build.0 = Debug|Any CPU
		{13158E29-A7AE-4B95-95CF-ED3DFFE8C264}.Release|Any CPU.ActiveCfg = Release|Any CPU
		{13158E29-A7AE-4B95-95CF-ED3DFFE8C264}.Release|Any CPU.Build.0 = Release|Any CPU
		{B1EE1BD1-2757-4128-8372-513BF739DD0E}.Debug|Any CPU.ActiveCfg = Debug|Any CPU
		{B1EE1BD1-2757-4128-8372-513BF739DD0E}.Debug|Any CPU.Build.0 = Debug|Any CPU
		{B1EE1BD1-2757-4128-8372-513BF739DD0E}.Release|Any CPU.ActiveCfg = Release|Any CPU
		{B1EE1BD1-2757-4128-8372-513BF739DD0E}.Release|Any CPU.Build.0 = Release|Any CPU
		{E5A6C8DA-E2BF-40B7-A79B-F3589170607D}.Debug|Any CPU.ActiveCfg = Debug|Any CPU
		{E5A6C8DA-E2BF-40B7-A79B-F3589170607D}.Debug|Any CPU.Build.0 = Debug|Any CPU
		{E5A6C8DA-E2BF-40B7-A79B-F3589170607D}.Release|Any CPU.ActiveCfg = Release|Any CPU
		{E5A6C8DA-E2BF-40B7-A79B-F3589170607D}.Release|Any CPU.Build.0 = Release|Any CPU
		{25A9F6D3-9265-4E13-ADDD-FA154154935C}.Debug|Any CPU.ActiveCfg = Debug|Any CPU
		{25A9F6D3-9265-4E13-ADDD-FA154154935C}.Debug|Any CPU.Build.0 = Debug|Any CPU
		{25A9F6D3-9265-4E13-ADDD-FA154154935C}.Release|Any CPU.ActiveCfg = Release|Any CPU
		{25A9F6D3-9265-4E13-ADDD-FA154154935C}.Release|Any CPU.Build.0 = Release|Any CPU
		{80545EB0-ECAC-4592-9715-3D3A48D81418}.Debug|Any CPU.ActiveCfg = Debug|Any CPU
		{80545EB0-ECAC-4592-9715-3D3A48D81418}.Debug|Any CPU.Build.0 = Debug|Any CPU
		{80545EB0-ECAC-4592-9715-3D3A48D81418}.Release|Any CPU.ActiveCfg = Release|Any CPU
		{80545EB0-ECAC-4592-9715-3D3A48D81418}.Release|Any CPU.Build.0 = Release|Any CPU
		{53746721-CA49-4D2E-88FF-EFA6037FCE63}.Debug|Any CPU.ActiveCfg = Debug|Any CPU
		{53746721-CA49-4D2E-88FF-EFA6037FCE63}.Debug|Any CPU.Build.0 = Debug|Any CPU
		{53746721-CA49-4D2E-88FF-EFA6037FCE63}.Release|Any CPU.ActiveCfg = Release|Any CPU
		{53746721-CA49-4D2E-88FF-EFA6037FCE63}.Release|Any CPU.Build.0 = Release|Any CPU
		{59F61EF9-7A0D-451D-A6CC-9DCA9F62B751}.Debug|Any CPU.ActiveCfg = Debug|Any CPU
		{59F61EF9-7A0D-451D-A6CC-9DCA9F62B751}.Debug|Any CPU.Build.0 = Debug|Any CPU
		{59F61EF9-7A0D-451D-A6CC-9DCA9F62B751}.Release|Any CPU.ActiveCfg = Release|Any CPU
		{59F61EF9-7A0D-451D-A6CC-9DCA9F62B751}.Release|Any CPU.Build.0 = Release|Any CPU
		{76295C51-880C-42E9-962D-6D19CDDA8058}.Debug|Any CPU.ActiveCfg = Debug|Any CPU
		{76295C51-880C-42E9-962D-6D19CDDA8058}.Debug|Any CPU.Build.0 = Debug|Any CPU
		{76295C51-880C-42E9-962D-6D19CDDA8058}.Release|Any CPU.ActiveCfg = Release|Any CPU
		{76295C51-880C-42E9-962D-6D19CDDA8058}.Release|Any CPU.Build.0 = Release|Any CPU
		{A8BAE2C1-72A4-4132-82DE-648EF7FB80E3}.Debug|Any CPU.ActiveCfg = Debug|Any CPU
		{A8BAE2C1-72A4-4132-82DE-648EF7FB80E3}.Debug|Any CPU.Build.0 = Debug|Any CPU
		{A8BAE2C1-72A4-4132-82DE-648EF7FB80E3}.Release|Any CPU.ActiveCfg = Release|Any CPU
		{A8BAE2C1-72A4-4132-82DE-648EF7FB80E3}.Release|Any CPU.Build.0 = Release|Any CPU
		{BD6EFB90-B08D-4AEC-8080-5AEF2CB80A2C}.Debug|Any CPU.ActiveCfg = Debug|Any CPU
		{BD6EFB90-B08D-4AEC-8080-5AEF2CB80A2C}.Debug|Any CPU.Build.0 = Debug|Any CPU
		{BD6EFB90-B08D-4AEC-8080-5AEF2CB80A2C}.Release|Any CPU.ActiveCfg = Release|Any CPU
		{BD6EFB90-B08D-4AEC-8080-5AEF2CB80A2C}.Release|Any CPU.Build.0 = Release|Any CPU
	EndGlobalSection
	GlobalSection(NestedProjects) = preSolution
		{277EBA5C-1E89-42D7-A59C-64245788C55B} = {3F42C7EC-C253-476B-95B4-68E27B8B6751}
		{2D01C005-20C2-48FC-B249-532566656C82} = {3F42C7EC-C253-476B-95B4-68E27B8B6751}
		{7318DBA7-19E4-4F20-BC66-216B3A9E482A} = {3F42C7EC-C253-476B-95B4-68E27B8B6751}
		{E2F0B4E0-CACF-495C-B0C9-AE7079E180D8} = {3F42C7EC-C253-476B-95B4-68E27B8B6751}
		{8F17BBCB-8F5F-4F18-A4DE-7E7F7954DC9D} = {3F42C7EC-C253-476B-95B4-68E27B8B6751}
		{9C47E964-5F3B-42B6-984B-370D6162EB6E} = {3F42C7EC-C253-476B-95B4-68E27B8B6751}
		{6681BFE8-1700-4413-9894-052E08304B69} = {3F42C7EC-C253-476B-95B4-68E27B8B6751}
		{0E78DDAC-B220-41AB-8118-31AFBCE987E8} = {3F42C7EC-C253-476B-95B4-68E27B8B6751}
		{C6659B79-ADC5-44D3-A68A-B1311B122A1B} = {3F42C7EC-C253-476B-95B4-68E27B8B6751}
		{13158E29-A7AE-4B95-95CF-ED3DFFE8C264} = {4C2575C1-0216-4DA2-8D37-3C6747DAFA7B}
		{B1EE1BD1-2757-4128-8372-513BF739DD0E} = {4C2575C1-0216-4DA2-8D37-3C6747DAFA7B}
		{E5A6C8DA-E2BF-40B7-A79B-F3589170607D} = {4C2575C1-0216-4DA2-8D37-3C6747DAFA7B}
		{0F0C8C7D-62B7-4648-AE6D-8A832D9D00D9} = {4C2575C1-0216-4DA2-8D37-3C6747DAFA7B}
		{25A9F6D3-9265-4E13-ADDD-FA154154935C} = {0F0C8C7D-62B7-4648-AE6D-8A832D9D00D9}
		{80545EB0-ECAC-4592-9715-3D3A48D81418} = {4C2575C1-0216-4DA2-8D37-3C6747DAFA7B}
		{53746721-CA49-4D2E-88FF-EFA6037FCE63} = {4C2575C1-0216-4DA2-8D37-3C6747DAFA7B}
		{59F61EF9-7A0D-451D-A6CC-9DCA9F62B751} = {4C2575C1-0216-4DA2-8D37-3C6747DAFA7B}
		{76295C51-880C-42E9-962D-6D19CDDA8058} = {4C2575C1-0216-4DA2-8D37-3C6747DAFA7B}
		{A8BAE2C1-72A4-4132-82DE-648EF7FB80E3} = {4C2575C1-0216-4DA2-8D37-3C6747DAFA7B}
		{BD6EFB90-B08D-4AEC-8080-5AEF2CB80A2C} = {4C2575C1-0216-4DA2-8D37-3C6747DAFA7B}
	EndGlobalSection
EndGlobal
